
Microsoft Visual Studio Solution File, Format Version 12.00
# Visual Studio Version 16
VisualStudioVersion = 16.0.30011.22
MinimumVisualStudioVersion = 10.0.40219.1
Project("{2150E333-8FDC-42A3-9474-1A3956D46DE8}") = "PresentationLayer", "PresentationLayer", "{0FB2879F-4B1E-4F2A-AA63-7A01AE872022}"
EndProject
Project("{2150E333-8FDC-42A3-9474-1A3956D46DE8}") = "DataAccessLayer", "DataAccessLayer", "{AF272F4B-4E7B-4743-8053-417A066435C7}"
EndProject
Project("{FAE04EC0-301F-11D3-BF4B-00C04F79EFBC}") = "BPack.Run", "BPack.Run\BPack.Run.csproj", "{31AF8693-47A4-4ACD-BB42-48D9EECB864E}"
EndProject
Project("{FAE04EC0-301F-11D3-BF4B-00C04F79EFBC}") = "BPack.Model.App", "BPack.Model.App\BPack.Model.App.csproj", "{AE01107E-5D54-4744-814F-958066C0FAE1}"
EndProject
Project("{FAE04EC0-301F-11D3-BF4B-00C04F79EFBC}") = "BPack.Pocket.App", "BPack.Pocket.App\BPack.Pocket.App.csproj", "{5FE0D94D-0763-4AEF-9844-419F89F9A21B}"
EndProject
Project("{FAE04EC0-301F-11D3-BF4B-00C04F79EFBC}") = "BPack.Carrying.App", "BPack.Carrying.App\BPack.Carrying.App.csproj", "{AF138C73-54A9-4F27-A460-4B91B0D9809E}"
EndProject
Project("{2150E333-8FDC-42A3-9474-1A3956D46DE8}") = "Common", "Common", "{C9F12B2B-8F2B-4B5C-BEEC-0A583D90A5C7}"
EndProject
Project("{FAE04EC0-301F-11D3-BF4B-00C04F79EFBC}") = "BPack.CommonMes", "BPack.CommonMes\BPack.CommonMes.csproj", "{D2CADCFB-70A2-47A7-9D3A-B5C58BBB90AA}"
EndProject
Project("{FAE04EC0-301F-11D3-BF4B-00C04F79EFBC}") = "BPack.Report.App", "BPack.Report.App\BPack.Report.App.csproj", "{2A0B1863-AEE3-43D5-ADC8-A5ABA7B594A1}"
EndProject
Global
	GlobalSection(SolutionConfigurationPlatforms) = preSolution
		Debug|Any CPU = Debug|Any CPU
		Debug|ARM = Debug|ARM
		Debug|ARM64 = Debug|ARM64
		Debug|x64 = Debug|x64
		Debug|x86 = Debug|x86
		Release|Any CPU = Release|Any CPU
		Release|ARM = Release|ARM
		Release|ARM64 = Release|ARM64
		Release|x64 = Release|x64
		Release|x86 = Release|x86
	EndGlobalSection
	GlobalSection(ProjectConfigurationPlatforms) = postSolution
		{31AF8693-47A4-4ACD-BB42-48D9EECB864E}.Debug|Any CPU.ActiveCfg = Debug|Any CPU
		{31AF8693-47A4-4ACD-BB42-48D9EECB864E}.Debug|Any CPU.Build.0 = Debug|Any CPU
		{31AF8693-47A4-4ACD-BB42-48D9EECB864E}.Debug|ARM.ActiveCfg = Debug|Any CPU
		{31AF8693-47A4-4ACD-BB42-48D9EECB864E}.Debug|ARM.Build.0 = Debug|Any CPU
		{31AF8693-47A4-4ACD-BB42-48D9EECB864E}.Debug|ARM64.ActiveCfg = Debug|Any CPU
		{31AF8693-47A4-4ACD-BB42-48D9EECB864E}.Debug|ARM64.Build.0 = Debug|Any CPU
		{31AF8693-47A4-4ACD-BB42-48D9EECB864E}.Debug|x64.ActiveCfg = Debug|Any CPU
		{31AF8693-47A4-4ACD-BB42-48D9EECB864E}.Debug|x64.Build.0 = Debug|Any CPU
		{31AF8693-47A4-4ACD-BB42-48D9EECB864E}.Debug|x86.ActiveCfg = Debug|Any CPU
		{31AF8693-47A4-4ACD-BB42-48D9EECB864E}.Debug|x86.Build.0 = Debug|Any CPU
		{31AF8693-47A4-4ACD-BB42-48D9EECB864E}.Release|Any CPU.ActiveCfg = Release|Any CPU
		{31AF8693-47A4-4ACD-BB42-48D9EECB864E}.Release|Any CPU.Build.0 = Release|Any CPU
		{31AF8693-47A4-4ACD-BB42-48D9EECB864E}.Release|ARM.ActiveCfg = Release|Any CPU
		{31AF8693-47A4-4ACD-BB42-48D9EECB864E}.Release|ARM.Build.0 = Release|Any CPU
		{31AF8693-47A4-4ACD-BB42-48D9EECB864E}.Release|ARM64.ActiveCfg = Release|Any CPU
		{31AF8693-47A4-4ACD-BB42-48D9EECB864E}.Release|ARM64.Build.0 = Release|Any CPU
		{31AF8693-47A4-4ACD-BB42-48D9EECB864E}.Release|x64.ActiveCfg = Release|Any CPU
		{31AF8693-47A4-4ACD-BB42-48D9EECB864E}.Release|x64.Build.0 = Release|Any CPU
		{31AF8693-47A4-4ACD-BB42-48D9EECB864E}.Release|x86.ActiveCfg = Release|Any CPU
		{31AF8693-47A4-4ACD-BB42-48D9EECB864E}.Release|x86.Build.0 = Release|Any CPU
		{AE01107E-5D54-4744-814F-958066C0FAE1}.Debug|Any CPU.ActiveCfg = Debug|Any CPU
		{AE01107E-5D54-4744-814F-958066C0FAE1}.Debug|Any CPU.Build.0 = Debug|Any CPU
		{AE01107E-5D54-4744-814F-958066C0FAE1}.Debug|ARM.ActiveCfg = Debug|Any CPU
		{AE01107E-5D54-4744-814F-958066C0FAE1}.Debug|ARM.Build.0 = Debug|Any CPU
		{AE01107E-5D54-4744-814F-958066C0FAE1}.Debug|ARM64.ActiveCfg = Debug|Any CPU
		{AE01107E-5D54-4744-814F-958066C0FAE1}.Debug|ARM64.Build.0 = Debug|Any CPU
		{AE01107E-5D54-4744-814F-958066C0FAE1}.Debug|x64.ActiveCfg = Debug|Any CPU
		{AE01107E-5D54-4744-814F-958066C0FAE1}.Debug|x64.Build.0 = Debug|Any CPU
		{AE01107E-5D54-4744-814F-958066C0FAE1}.Debug|x86.ActiveCfg = Debug|Any CPU
		{AE01107E-5D54-4744-814F-958066C0FAE1}.Debug|x86.Build.0 = Debug|Any CPU
		{AE01107E-5D54-4744-814F-958066C0FAE1}.Release|Any CPU.ActiveCfg = Release|Any CPU
		{AE01107E-5D54-4744-814F-958066C0FAE1}.Release|Any CPU.Build.0 = Release|Any CPU
		{AE01107E-5D54-4744-814F-958066C0FAE1}.Release|ARM.ActiveCfg = Release|Any CPU
		{AE01107E-5D54-4744-814F-958066C0FAE1}.Release|ARM.Build.0 = Release|Any CPU
		{AE01107E-5D54-4744-814F-958066C0FAE1}.Release|ARM64.ActiveCfg = Release|Any CPU
		{AE01107E-5D54-4744-814F-958066C0FAE1}.Release|ARM64.Build.0 = Release|Any CPU
		{AE01107E-5D54-4744-814F-958066C0FAE1}.Release|x64.ActiveCfg = Release|Any CPU
		{AE01107E-5D54-4744-814F-958066C0FAE1}.Release|x64.Build.0 = Release|Any CPU
		{AE01107E-5D54-4744-814F-958066C0FAE1}.Release|x86.ActiveCfg = Release|Any CPU
		{AE01107E-5D54-4744-814F-958066C0FAE1}.Release|x86.Build.0 = Release|Any CPU
		{5FE0D94D-0763-4AEF-9844-419F89F9A21B}.Debug|Any CPU.ActiveCfg = Debug|Any CPU
		{5FE0D94D-0763-4AEF-9844-419F89F9A21B}.Debug|Any CPU.Build.0 = Debug|Any CPU
		{5FE0D94D-0763-4AEF-9844-419F89F9A21B}.Debug|ARM.ActiveCfg = Debug|Any CPU
		{5FE0D94D-0763-4AEF-9844-419F89F9A21B}.Debug|ARM.Build.0 = Debug|Any CPU
		{5FE0D94D-0763-4AEF-9844-419F89F9A21B}.Debug|ARM64.ActiveCfg = Debug|Any CPU
		{5FE0D94D-0763-4AEF-9844-419F89F9A21B}.Debug|ARM64.Build.0 = Debug|Any CPU
		{5FE0D94D-0763-4AEF-9844-419F89F9A21B}.Debug|x64.ActiveCfg = Debug|Any CPU
		{5FE0D94D-0763-4AEF-9844-419F89F9A21B}.Debug|x64.Build.0 = Debug|Any CPU
		{5FE0D94D-0763-4AEF-9844-419F89F9A21B}.Debug|x86.ActiveCfg = Debug|Any CPU
		{5FE0D94D-0763-4AEF-9844-419F89F9A21B}.Debug|x86.Build.0 = Debug|Any CPU
		{5FE0D94D-0763-4AEF-9844-419F89F9A21B}.Release|Any CPU.ActiveCfg = Release|Any CPU
		{5FE0D94D-0763-4AEF-9844-419F89F9A21B}.Release|Any CPU.Build.0 = Release|Any CPU
		{5FE0D94D-0763-4AEF-9844-419F89F9A21B}.Release|ARM.ActiveCfg = Release|Any CPU
		{5FE0D94D-0763-4AEF-9844-419F89F9A21B}.Release|ARM.Build.0 = Release|Any CPU
		{5FE0D94D-0763-4AEF-9844-419F89F9A21B}.Release|ARM64.ActiveCfg = Release|Any CPU
		{5FE0D94D-0763-4AEF-9844-419F89F9A21B}.Release|ARM64.Build.0 = Release|Any CPU
		{5FE0D94D-0763-4AEF-9844-419F89F9A21B}.Release|x64.ActiveCfg = Release|Any CPU
		{5FE0D94D-0763-4AEF-9844-419F89F9A21B}.Release|x64.Build.0 = Release|Any CPU
		{5FE0D94D-0763-4AEF-9844-419F89F9A21B}.Release|x86.ActiveCfg = Release|Any CPU
		{5FE0D94D-0763-4AEF-9844-419F89F9A21B}.Release|x86.Build.0 = Release|Any CPU
		{AF138C73-54A9-4F27-A460-4B91B0D9809E}.Debug|Any CPU.ActiveCfg = Debug|Any CPU
		{AF138C73-54A9-4F27-A460-4B91B0D9809E}.Debug|Any CPU.Build.0 = Debug|Any CPU
		{AF138C73-54A9-4F27-A460-4B91B0D9809E}.Debug|ARM.ActiveCfg = Debug|Any CPU
		{AF138C73-54A9-4F27-A460-4B91B0D9809E}.Debug|ARM.Build.0 = Debug|Any CPU
		{AF138C73-54A9-4F27-A460-4B91B0D9809E}.Debug|ARM64.ActiveCfg = Debug|Any CPU
		{AF138C73-54A9-4F27-A460-4B91B0D9809E}.Debug|ARM64.Build.0 = Debug|Any CPU
		{AF138C73-54A9-4F27-A460-4B91B0D9809E}.Debug|x64.ActiveCfg = Debug|Any CPU
		{AF138C73-54A9-4F27-A460-4B91B0D9809E}.Debug|x64.Build.0 = Debug|Any CPU
		{AF138C73-54A9-4F27-A460-4B91B0D9809E}.Debug|x86.ActiveCfg = Debug|Any CPU
		{AF138C73-54A9-4F27-A460-4B91B0D9809E}.Debug|x86.Build.0 = Debug|Any CPU
		{AF138C73-54A9-4F27-A460-4B91B0D9809E}.Release|Any CPU.ActiveCfg = Release|Any CPU
		{AF138C73-54A9-4F27-A460-4B91B0D9809E}.Release|Any CPU.Build.0 = Release|Any CPU
		{AF138C73-54A9-4F27-A460-4B91B0D9809E}.Release|ARM.ActiveCfg = Release|Any CPU
		{AF138C73-54A9-4F27-A460-4B91B0D9809E}.Release|ARM.Build.0 = Release|Any CPU
		{AF138C73-54A9-4F27-A460-4B91B0D9809E}.Release|ARM64.ActiveCfg = Release|Any CPU
		{AF138C73-54A9-4F27-A460-4B91B0D9809E}.Release|ARM64.Build.0 = Release|Any CPU
		{AF138C73-54A9-4F27-A460-4B91B0D9809E}.Release|x64.ActiveCfg = Release|Any CPU
		{AF138C73-54A9-4F27-A460-4B91B0D9809E}.Release|x64.Build.0 = Release|Any CPU
		{AF138C73-54A9-4F27-A460-4B91B0D9809E}.Release|x86.ActiveCfg = Release|Any CPU
		{AF138C73-54A9-4F27-A460-4B91B0D9809E}.Release|x86.Build.0 = Release|Any CPU
		{D2CADCFB-70A2-47A7-9D3A-B5C58BBB90AA}.Debug|Any CPU.ActiveCfg = Debug|Any CPU
		{D2CADCFB-70A2-47A7-9D3A-B5C58BBB90AA}.Debug|Any CPU.Build.0 = Debug|Any CPU
		{D2CADCFB-70A2-47A7-9D3A-B5C58BBB90AA}.Debug|ARM.ActiveCfg = Debug|Any CPU
		{D2CADCFB-70A2-47A7-9D3A-B5C58BBB90AA}.Debug|ARM.Build.0 = Debug|Any CPU
		{D2CADCFB-70A2-47A7-9D3A-B5C58BBB90AA}.Debug|ARM64.ActiveCfg = Debug|Any CPU
		{D2CADCFB-70A2-47A7-9D3A-B5C58BBB90AA}.Debug|ARM64.Build.0 = Debug|Any CPU
		{D2CADCFB-70A2-47A7-9D3A-B5C58BBB90AA}.Debug|x64.ActiveCfg = Debug|Any CPU
		{D2CADCFB-70A2-47A7-9D3A-B5C58BBB90AA}.Debug|x64.Build.0 = Debug|Any CPU
		{D2CADCFB-70A2-47A7-9D3A-B5C58BBB90AA}.Debug|x86.ActiveCfg = Debug|Any CPU
		{D2CADCFB-70A2-47A7-9D3A-B5C58BBB90AA}.Debug|x86.Build.0 = Debug|Any CPU
		{D2CADCFB-70A2-47A7-9D3A-B5C58BBB90AA}.Release|Any CPU.ActiveCfg = Release|Any CPU
		{D2CADCFB-70A2-47A7-9D3A-B5C58BBB90AA}.Release|Any CPU.Build.0 = Release|Any CPU
		{D2CADCFB-70A2-47A7-9D3A-B5C58BBB90AA}.Release|ARM.ActiveCfg = Release|Any CPU
		{D2CADCFB-70A2-47A7-9D3A-B5C58BBB90AA}.Release|ARM.Build.0 = Release|Any CPU
		{D2CADCFB-70A2-47A7-9D3A-B5C58BBB90AA}.Release|ARM64.ActiveCfg = Release|Any CPU
		{D2CADCFB-70A2-47A7-9D3A-B5C58BBB90AA}.Release|ARM64.Build.0 = Release|Any CPU
		{D2CADCFB-70A2-47A7-9D3A-B5C58BBB90AA}.Release|x64.ActiveCfg = Release|Any CPU
		{D2CADCFB-70A2-47A7-9D3A-B5C58BBB90AA}.Release|x64.Build.0 = Release|Any CPU
		{D2CADCFB-70A2-47A7-9D3A-B5C58BBB90AA}.Release|x86.ActiveCfg = Release|Any CPU
		{D2CADCFB-70A2-47A7-9D3A-B5C58BBB90AA}.Release|x86.Build.0 = Release|Any CPU
		{2A0B1863-AEE3-43D5-ADC8-A5ABA7B594A1}.Debug|Any CPU.ActiveCfg = Debug|Any CPU
		{2A0B1863-AEE3-43D5-ADC8-A5ABA7B594A1}.Debug|Any CPU.Build.0 = Debug|Any CPU
		{2A0B1863-AEE3-43D5-ADC8-A5ABA7B594A1}.Debug|ARM.ActiveCfg = Debug|Any CPU
		{2A0B1863-AEE3-43D5-ADC8-A5ABA7B594A1}.Debug|ARM.Build.0 = Debug|Any CPU
		{2A0B1863-AEE3-43D5-ADC8-A5ABA7B594A1}.Debug|ARM64.ActiveCfg = Debug|Any CPU
		{2A0B1863-AEE3-43D5-ADC8-A5ABA7B594A1}.Debug|ARM64.Build.0 = Debug|Any CPU
		{2A0B1863-AEE3-43D5-ADC8-A5ABA7B594A1}.Debug|x64.ActiveCfg = Debug|Any CPU
		{2A0B1863-AEE3-43D5-ADC8-A5ABA7B594A1}.Debug|x64.Build.0 = Debug|Any CPU
		{2A0B1863-AEE3-43D5-ADC8-A5ABA7B594A1}.Debug|x86.ActiveCfg = Debug|Any CPU
		{2A0B1863-AEE3-43D5-ADC8-A5ABA7B594A1}.Debug|x86.Build.0 = Debug|Any CPU
		{2A0B1863-AEE3-43D5-ADC8-A5ABA7B594A1}.Release|Any CPU.ActiveCfg = Release|Any CPU
		{2A0B1863-AEE3-43D5-ADC8-A5ABA7B594A1}.Release|Any CPU.Build.0 = Release|Any CPU
		{2A0B1863-AEE3-43D5-ADC8-A5ABA7B594A1}.Release|ARM.ActiveCfg = Release|Any CPU
		{2A0B1863-AEE3-43D5-ADC8-A5ABA7B594A1}.Release|ARM.Build.0 = Release|Any CPU
		{2A0B1863-AEE3-43D5-ADC8-A5ABA7B594A1}.Release|ARM64.ActiveCfg = Release|Any CPU
		{2A0B1863-AEE3-43D5-ADC8-A5ABA7B594A1}.Release|ARM64.Build.0 = Release|Any CPU
		{2A0B1863-AEE3-43D5-ADC8-A5ABA7B594A1}.Release|x64.ActiveCfg = Release|Any CPU
		{2A0B1863-AEE3-43D5-ADC8-A5ABA7B594A1}.Release|x64.Build.0 = Release|Any CPU
		{2A0B1863-AEE3-43D5-ADC8-A5ABA7B594A1}.Release|x86.ActiveCfg = Release|Any CPU
		{2A0B1863-AEE3-43D5-ADC8-A5ABA7B594A1}.Release|x86.Build.0 = Release|Any CPU
	EndGlobalSection
	GlobalSection(SolutionProperties) = preSolution
		HideSolutionNode = FALSE
	EndGlobalSection
	GlobalSection(NestedProjects) = preSolution
		{31AF8693-47A4-4ACD-BB42-48D9EECB864E} = {0FB2879F-4B1E-4F2A-AA63-7A01AE872022}
		{AE01107E-5D54-4744-814F-958066C0FAE1} = {C9F12B2B-8F2B-4B5C-BEEC-0A583D90A5C7}
		{5FE0D94D-0763-4AEF-9844-419F89F9A21B} = {AF272F4B-4E7B-4743-8053-417A066435C7}
		{AF138C73-54A9-4F27-A460-4B91B0D9809E} = {0FB2879F-4B1E-4F2A-AA63-7A01AE872022}
		{D2CADCFB-70A2-47A7-9D3A-B5C58BBB90AA} = {C9F12B2B-8F2B-4B5C-BEEC-0A583D90A5C7}
		{2A0B1863-AEE3-43D5-ADC8-A5ABA7B594A1} = {0FB2879F-4B1E-4F2A-AA63-7A01AE872022}
	EndGlobalSection
	GlobalSection(ExtensibilityGlobals) = postSolution
		SolutionGuid = {E05A82ED-D361-45B3-A21B-87D70D9AF17C}
	EndGlobalSection
	GlobalSection(Performance) = preSolution
		HasPerformanceSessions = true
	EndGlobalSection
EndGlobal
